Microsoft Visual Studio Solution File, Format Version 10.00
# Visual Studio 2008

Project("{962BE0A3-2EB7-B34F-B237-2B8FBBF51132}") = "SCAPE", "SCAPE.csproj", "{345B662B-AB2D-947F-E847-DDF3615021D9}"
EndProject
Global
	GlobalSection(SolutionConfigurationPlatforms) = preSolution
		Debug|Any CPU = Debug|Any CPU
		Release|Any CPU = Release|Any CPU
	EndGlobalSection
	GlobalSection(ProjectConfigurationPlatforms) = postSolution
		{345B662B-AB2D-947F-E847-DDF3615021D9}.Debug|Any CPU.ActiveCfg = Debug|Any CPU
		{345B662B-AB2D-947F-E847-DDF3615021D9}.Debug|Any CPU.Build.0 = Debug|Any CPU
		{345B662B-AB2D-947F-E847-DDF3615021D9}.Release|Any CPU.ActiveCfg = Release|Any CPU
		{345B662B-AB2D-947F-E847-DDF3615021D9}.Release|Any CPU.Build.0 = Release|Any CPU
	EndGlobalSection
	GlobalSection(SolutionProperties) = preSolution
		HideSolutionNode = FALSE
	EndGlobalSection
	
EndGlobal
